<?xml version="1.0" encoding="utf-8"?>
<Project ToolsVersion="4.0" xmlns="http://schemas.microsoft.com/developer/msbuild/2003">
  <ItemGroup>
    <Filter Include="Source Files">
      <UniqueIdentifier>{5cf85f79-fd11-47f5-bb9d-30fc1bab91da}</UniqueIdentifier>
      <Extensions>cpp;c;cxx;rc;def;r;odl;idl;hpj;bat</Extensions>
    </Filter>
    <Filter Include="Header Files">
      <UniqueIdentifier>{ead843a1-fead-4d99-80e7-53f6767574b1}</UniqueIdentifier>
      <Extensions>h;hpp;hxx;hm;inl</Extensions>
    </Filter>
    <Filter Include="Documentation">
      <UniqueIdentifier>{e5367d44-d040-4822-a831-5307174e7b2d}</UniqueIdentifier>
    </Filter>
  </ItemGroup>
  <ItemGroup>
    <ClCompile Include="ResizableDialog.cpp">
      <Filter>Source Files</Filter>
    </ClCompile>
    <ClCompile Include="ResizableFormView.cpp">
      <Filter>Source Files</Filter>
    </ClCompile>
    <ClCompile Include="ResizableFrame.cpp">
      <Filter>Source Files</Filter>
    </ClCompile>
    <ClCompile Include="ResizableGrip.cpp">
      <Filter>Source Files</Filter>
    </ClCompile>
    <ClCompile Include="ResizableLayout.cpp">
      <Filter>Source Files</Filter>
    </ClCompile>
    <ClCompile Include="ResizableMDIChild.cpp">
      <Filter>Source Files</Filter>
    </ClCompile>
    <ClCompile Include="ResizableMDIFrame.cpp">
      <Filter>Source Files</Filter>
    </ClCompile>
    <ClCompile Include="ResizableMinMax.cpp">
      <Filter>Source Files</Filter>
    </ClCompile>
    <ClCompile Include="ResizableMsgSupport.cpp">
      <Filter>Source Files</Filter>
    </ClCompile>
    <ClCompile Include="ResizablePage.cpp">
      <Filter>Source Files</Filter>
    </ClCompile>
    <ClCompile Include="ResizablePageEx.cpp">
      <Filter>Source Files</Filter>
    </ClCompile>
    <ClCompile Include="ResizableSheet.cpp">
      <Filter>Source Files</Filter>
    </ClCompile>
    <ClCompile Include="ResizableSheetEx.cpp">
      <Filter>Source Files</Filter>
    </ClCompile>
    <ClCompile Include="ResizableSheetState.cpp">
      <Filter>Source Files</Filter>
    </ClCompile>
    <ClCompile Include="ResizableSplitterWnd.cpp">
      <Filter>Source Files</Filter>
    </ClCompile>
    <ClCompile Include="ResizableState.cpp">
      <Filter>Source Files</Filter>
    </ClCompile>
    <ClCompile Include="ResizableVersion.cpp">
      <Filter>Source Files</Filter>
    </ClCompile>
    <ClCompile Include="ResizableWndState.cpp">
      <Filter>Source Files</Filter>
    </ClCompile>
    <ClCompile Include="StdAfx.cpp">
      <Filter>Source Files</Filter>
    </ClCompile>
  </ItemGroup>
  <ItemGroup>
    <ClInclude Include="ResizableDialog.h">
      <Filter>Header Files</Filter>
    </ClInclude>
    <ClInclude Include="ResizableFormView.h">
      <Filter>Header Files</Filter>
    </ClInclude>
    <ClInclude Include="ResizableFrame.h">
      <Filter>Header Files</Filter>
    </ClInclude>
    <ClInclude Include="ResizableGrip.h">
      <Filter>Header Files</Filter>
    </ClInclude>
    <ClInclude Include="ResizableLayout.h">
      <Filter>Header Files</Filter>
    </ClInclude>
    <ClInclude Include="ResizableMDIChild.h">
      <Filter>Header Files</Filter>
    </ClInclude>
    <ClInclude Include="ResizableMDIFrame.h">
      <Filter>Header Files</Filter>
    </ClInclude>
    <ClInclude Include="ResizableMinMax.h">
      <Filter>Header Files</Filter>
    </ClInclude>
    <ClInclude Include="ResizableMsgSupport.h">
      <Filter>Header Files</Filter>
    </ClInclude>
    <ClInclude Include="ResizablePage.h">
      <Filter>Header Files</Filter>
    </ClInclude>
    <ClInclude Include="ResizablePageEx.h">
      <Filter>Header Files</Filter>
    </ClInclude>
    <ClInclude Include="ResizableSheet.h">
      <Filter>Header Files</Filter>
    </ClInclude>
    <ClInclude Include="ResizableSheetEx.h">
      <Filter>Header Files</Filter>
    </ClInclude>
    <ClInclude Include="ResizableSheetState.h">
      <Filter>Header Files</Filter>
    </ClInclude>
    <ClInclude Include="ResizableSplitterWnd.h">
      <Filter>Header Files</Filter>
    </ClInclude>
    <ClInclude Include="ResizableState.h">
      <Filter>Header Files</Filter>
    </ClInclude>
    <ClInclude Include="ResizableVersion.h">
      <Filter>Header Files</Filter>
    </ClInclude>
    <ClInclude Include="ResizableWndState.h">
      <Filter>Header Files</Filter>
    </ClInclude>
    <ClInclude Include="StdAfx.h">
      <Filter>Header Files</Filter>
    </ClInclude>
    <ClInclude Include="Docs\refman.h">
      <Filter>Documentation</Filter>
    </ClInclude>
  </ItemGroup>
  <ItemGroup>
    <Text Include="Docs\class.txt">
      <Filter>Documentation</Filter>
    </Text>
    <Text Include="Docs\default.txt">
      <Filter>Documentation</Filter>
    </Text>
    <Text Include="Docs\function.txt">
      <Filter>Documentation</Filter>
    </Text>
    <Text Include="Docs\struct.txt">
      <Filter>Documentation</Filter>
    </Text>
    <Text Include="Docs\typedef.txt">
      <Filter>Documentation</Filter>
    </Text>
    <Text Include="Artistic-License.txt" />
  </ItemGroup>
  <ItemGroup>
    <None Include="Doxyfile">
      <Filter>Documentation</Filter>
    </None>
    <None Include="Docs\Doxyfile-include">
      <Filter>Documentation</Filter>
    </None>
    <None Include="Docs\footer.html">
      <Filter>Documentation</Filter>
    </None>
    <None Include="Docs\header.html">
      <Filter>Documentation</Filter>
    </None>
    <None Include="Docs\stylesheet.css">
      <Filter>Documentation</Filter>
    </None>
  </ItemGroup>
</Project>